
Microsoft Visual Studio Solution File, Format Version 12.00
# Visual Studio 15
VisualStudioVersion = 15.0.28307.645
MinimumVisualStudioVersion = 10.0.40219.1
Project("{FAE04EC0-301F-11D3-BF4B-00C04F79EFBC}") = "ReflectionTest", "ReflectionTest\ReflectionTest.csproj", "{0AAF3973-4C3B-436E-B928-B069502A39E1}"
EndProject
Global
	GlobalSection(SolutionConfigurationPlatforms) = preSolution
		Debug|Any CPU = Debug|Any CPU
		Release|Any CPU = Release|Any CPU
	EndGlobalSection
	GlobalSection(ProjectConfigurationPlatforms) = postSolution
		{0AAF3973-4C3B-436E-B928-B069502A39E1}.Debug|Any CPU.ActiveCfg = Debug|Any CPU
		{0AAF3973-4C3B-436E-B928-B069502A39E1}.Debug|Any CPU.Build.0 = Debug|Any CPU
		{0AAF3973-4C3B-436E-B928-B069502A39E1}.Release|Any CPU.ActiveCfg = Release|Any CPU
		{0AAF3973-4C3B-436E-B928-B069502A39E1}.Release|Any CPU.Build.0 = Release|Any CPU
	EndGlobalSection
	GlobalSection(SolutionProperties) = preSolution
		HideSolutionNode = FALSE
	EndGlobalSection
	GlobalSection(ExtensibilityGlobals) = postSolution
		SolutionGuid = {284D4D93-020C-4B63-AA7D-C4E6DB90A254}
	EndGlobalSection
EndGlobal
